
Microsoft Visual Studio Solution File, Format Version 12.00
# Visual Studio Version 16
VisualStudioVersion = 16.0.30420.98
MinimumVisualStudioVersion = 10.0.40219.1
Project("{9A19103F-16F7-4668-BE54-9A1E7A4F7556}") = "EventHorizon.Identity.AuthServer", "EventHorizon.Identity.AuthServer.csproj", "{ADC56378-5200-4A51-B5F6-54A9A42D5C2F}"
EndProject
Global
	GlobalSection(SolutionConfigurationPlatforms) = preSolution
		Debug|Any CPU = Debug|Any CPU
		Release|Any CPU = Release|Any CPU
	EndGlobalSection
	GlobalSection(ProjectConfigurationPlatforms) = postSolution
		{ADC56378-5200-4A51-B5F6-54A9A42D5C2F}.Debug|Any CPU.ActiveCfg = Debug|Any CPU
		{ADC56378-5200-4A51-B5F6-54A9A42D5C2F}.Debug|Any CPU.Build.0 = Debug|Any CPU
		{ADC56378-5200-4A51-B5F6-54A9A42D5C2F}.Release|Any CPU.ActiveCfg = Release|Any CPU
		{ADC56378-5200-4A51-B5F6-54A9A42D5C2F}.Release|Any CPU.Build.0 = Release|Any CPU
	EndGlobalSection
	GlobalSection(SolutionProperties) = preSolution
		HideSolutionNode = FALSE
	EndGlobalSection
	GlobalSection(ExtensibilityGlobals) = postSolution
		SolutionGuid = {C0FC03BA-3B2B-4700-8B3C-7C907B2DD8E7}
	EndGlobalSection
EndGlobal
